
Microsoft Visual Studio Solution File, Format Version 11.00
# Visual Studio 2010
Project("{8BC9CEB8-8B4A-11D0-8D11-00A0C91BC942}") = "chapter01.06.01switch", "chapter01.06.01switch\chapter01.06.01switch.vcxproj", "{1F632B45-DA03-4DEF-86CC-AEBB1F2EAE43}"
EndProject
Global
	GlobalSection(SolutionConfigurationPlatforms) = preSolution
		Debug|Win32 = Debug|Win32
		Release|Win32 = Release|Win32
	EndGlobalSection
	GlobalSection(ProjectConfigurationPlatforms) = postSolution
		{1F632B45-DA03-4DEF-86CC-AEBB1F2EAE43}.Debug|Win32.ActiveCfg = Debug|Win32
		{1F632B45-DA03-4DEF-86CC-AEBB1F2EAE43}.Debug|Win32.Build.0 = Debug|Win32
		{1F632B45-DA03-4DEF-86CC-AEBB1F2EAE43}.Release|Win32.ActiveCfg = Release|Win32
		{1F632B45-DA03-4DEF-86CC-AEBB1F2EAE43}.Release|Win32.Build.0 = Release|Win32
	EndGlobalSection
	GlobalSection(SolutionProperties) = preSolution
		HideSolutionNode = FALSE
	EndGlobalSection
EndGlobal
